
Microsoft Visual Studio Solution File, Format Version 12.00
# Visual Studio Version 16
VisualStudioVersion = 16.0.28803.202
MinimumVisualStudioVersion = 10.0.40219.1
Project("{FAE04EC0-301F-11D3-BF4B-00C04F79EFBC}") = "FinalGame21", "FinalGame21\FinalGame21.csproj", "{4D997688-1F15-457E-BB3E-E3DDD516D967}"
EndProject
Project("{FAE04EC0-301F-11D3-BF4B-00C04F79EFBC}") = "Client", "Client\Client.csproj", "{798CEC5A-4FBF-4B2B-85E5-AFAE8E311363}"
EndProject
Project("{FAE04EC0-301F-11D3-BF4B-00C04F79EFBC}") = "Test", "Test\Test.csproj", "{5FBBDA88-859D-488A-9559-1F0BD778A854}"
EndProject
Global
	GlobalSection(SolutionConfigurationPlatforms) = preSolution
		Debug|Any CPU = Debug|Any CPU
		Release|Any CPU = Release|Any CPU
	EndGlobalSection
	GlobalSection(ProjectConfigurationPlatforms) = postSolution
		{4D997688-1F15-457E-BB3E-E3DDD516D967}.Debug|Any CPU.ActiveCfg = Debug|Any CPU
		{4D997688-1F15-457E-BB3E-E3DDD516D967}.Debug|Any CPU.Build.0 = Debug|Any CPU
		{4D997688-1F15-457E-BB3E-E3DDD516D967}.Release|Any CPU.ActiveCfg = Release|Any CPU
		{4D997688-1F15-457E-BB3E-E3DDD516D967}.Release|Any CPU.Build.0 = Release|Any CPU
		{798CEC5A-4FBF-4B2B-85E5-AFAE8E311363}.Debug|Any CPU.ActiveCfg = Debug|Any CPU
		{798CEC5A-4FBF-4B2B-85E5-AFAE8E311363}.Debug|Any CPU.Build.0 = Debug|Any CPU
		{798CEC5A-4FBF-4B2B-85E5-AFAE8E311363}.Release|Any CPU.ActiveCfg = Release|Any CPU
		{798CEC5A-4FBF-4B2B-85E5-AFAE8E311363}.Release|Any CPU.Build.0 = Release|Any CPU
		{5FBBDA88-859D-488A-9559-1F0BD778A854}.Debug|Any CPU.ActiveCfg = Debug|Any CPU
		{5FBBDA88-859D-488A-9559-1F0BD778A854}.Debug|Any CPU.Build.0 = Debug|Any CPU
		{5FBBDA88-859D-488A-9559-1F0BD778A854}.Release|Any CPU.ActiveCfg = Release|Any CPU
		{5FBBDA88-859D-488A-9559-1F0BD778A854}.Release|Any CPU.Build.0 = Release|Any CPU
	EndGlobalSection
	GlobalSection(SolutionProperties) = preSolution
		HideSolutionNode = FALSE
	EndGlobalSection
	GlobalSection(ExtensibilityGlobals) = postSolution
		SolutionGuid = {BCFA01BA-F2B4-428C-9DC2-C64DAB86BD18}
	EndGlobalSection
EndGlobal
